github.com/ebitengine/gomobile v0.0.0-20240518074828-e86332849895 h1:48bCqKTuD7Z0UovDfvpCn7wZ0GUZ+yosIteNDthn3FU=
github.com/ebitengine/gomobile v0.0.0-20240518074828-e86332849895/go.mod h1:XZdLv05c5hOZm3fM2NlJ92FyEZjnslcMcNRrhxs8+8M=
github.com/ebitengine/hideconsole v1.0.0 h1:5J4U0kXF+pv/DhiXt5/lTz0eO5ogJ1iXb8Yj1yReDqE=
github.com/ebitengine/hideconsole v1.0.0/go.mod h1:hTTBTvVYWKBuxPr7peweneWdkUwEuHuB3C1R/ielR1A=
github.com/ebitengine/purego v0.7.0 h1:HPZpl61edMGCEW6XK2nsR6+7AnJ3unUxpTZBkkIXnMc=
github.com/ebitengine/purego v0.7.0/go.mod h1:ah1In8AOtksoNK6yk5z1HTJeUkC1Ez4Wk2idgGslMwQ=
github.com/gorilla/websocket v1.5.1 h1:gmztn0JnHVt9JZquRuzLw3g4wouNVzKL15iLr/zn/QY=
github.com/gorilla/websocket v1.5.1/go.mod h1:x3kM2JMyaluk02fnUJpQuwD2dCS5NDG2ZHL0uE0tcaY=
github.com/hajimehoshi/ebiten/v2 v2.7.5 h1:jN6FnhCd9NGYCsm5GtrweuikrlyVGCSUpH5YgL+7UKA=
github.com/hajimehoshi/ebiten/v2 v2.7.5/go.mod h1:H2pHVgq29rfm5yeQ7jzWOM3VHsjo7/AyucODNLOhsVY=
github.com/jezek/xgb v1.1.1 h1:bE/r8ZZtSv7l9gk6nU0mYx51aXrvnyb44892TwSaqS4=
github.com/jezek/xgb v1.1.1/go.mod h1:nrhwO0FX/enq75I7Y7G8iN1ubpSGZEiA3v9e9GyRFlk=
github.com/runozo/go-wave-function-collapse v0.9.5 h1:92FlSa2Zu2EcFTYU/F83NitA83Pn4UWQVKrJaj40E6E=
github.com/runozo/go-wave-function-collapse v0.9.5/go.mod h1:ri787pWKbGIWq/+qFbK35ZlV4Si/hFC1JINi5A4ga9g=
github.com/runozo/go-wave-function-collapse v0.9.6 h1:kIbh3osL5SMg9ExM1czffyVE4vxpTednkF0Fa5DNi9U=
github.com/runozo/go-wave-function-collapse v0.9.6/go.mod h1:ri787pWKbGIWq/+qFbK35ZlV4Si/hFC1JINi5A4ga9g=
github.com/runozo/go-wave-function-collapse v0.9.7 h1:IhAqpDkt7JEcErKHWc+nrE2MGruF5AuquhwI3UzCzBU=
github.com/runozo/go-wave-function-collapse v0.9.7/go.mod h1:ri787pWKbGIWq/+qFbK35ZlV4Si/hFC1JINi5A4ga9g=
golang.org/x/image v0.17.0 h1:nTRVVdajgB8zCMZVsViyzhnMKPwYeroEERRC64JuLco=
golang.org/x/image v0.17.0/go.mod h1:4yyo5vMFQjVjUcVk4jEQcU9MGy/rulF5WvUILseCM2E=
golang.org/x/net v0.17.0 h1:pVaXccu2ozPjCXewfr1S7xza/zcXTity9cCdXQYSjIM=
golang.org/x/net v0.17.0/go.mod h1:NxSsAGuq816PNPmqtQdLE42eU2Fs7NoRIZrHJAlaCOE=
golang.org/x/sync v0.7.0 h1:YsImfSBoP9QPYL0xyKJPq0gcaJdG3rInoqxTWbfQu9M=
golang.org/x/sync v0.7.0/go.mod h1:Czt+wKu1gCyEFDUtn0jG5QVvpJ6rzVqr5aXyt9drQfk=
golang.org/x/sys v0.20.0 h1:Od9JTbYCk261bKm4M/mw7AklTlFYIa0bIp9BgSm1S8Y=
golang.org/x/sys v0.20.0/go.mod h1:/VUhepiaJMQUp4+oa/7Zr1D23ma6VTLIYjOOTFZPUcA=
golang.org/x/text v0.16.0 h1:a94ExnEXNtEwYLGJSIUxnWoxoRz/ZcCsV63ROupILh4=
golang.org/x/text v0.16.0/go.mod h1:GhwF1Be+LQoKShO3cGOHzqOgRrGaYc9AvblQOmPVHnI=
